
Microsoft Visual Studio Solution File, Format Version 12.00
# Visual Studio Version 17
VisualStudioVersion = 17.11.35303.130
MinimumVisualStudioVersion = 10.0.40219.1
Project("{FAE04EC0-301F-11D3-BF4B-00C04F79EFBC}") = "DoCode", "DoCode\DoCode.csproj", "{026AF025-9353-4046-A361-117AB33226E8}"
EndProject
Global
	GlobalSection(SolutionConfigurationPlatforms) = preSolution
		Debug|Any CPU = Debug|Any CPU
		Release|Any CPU = Release|Any CPU
	EndGlobalSection
	GlobalSection(ProjectConfigurationPlatforms) = postSolution
		{026AF025-9353-4046-A361-117AB33226E8}.Debug|Any CPU.ActiveCfg = Debug|Any CPU
		{026AF025-9353-4046-A361-117AB33226E8}.Debug|Any CPU.Build.0 = Debug|Any CPU
		{026AF025-9353-4046-A361-117AB33226E8}.Release|Any CPU.ActiveCfg = Release|Any CPU
		{026AF025-9353-4046-A361-117AB33226E8}.Release|Any CPU.Build.0 = Release|Any CPU
	EndGlobalSection
	GlobalSection(SolutionProperties) = preSolution
		HideSolutionNode = FALSE
	EndGlobalSection
	GlobalSection(ExtensibilityGlobals) = postSolution
		SolutionGuid = {441F1B41-A90B-4C45-AE62-EB9265C8FD48}
	EndGlobalSection
EndGlobal
